<?xml version="1.0" encoding="utf-8"?>
<Project ToolsVersion="4.0" xmlns="http://schemas.microsoft.com/developer/msbuild/2003">
  <ItemGroup>
    <Filter Include="Source Files">
      <UniqueIdentifier>{4FC737F1-C7A5-4376-A066-2A32D752A2FF}</UniqueIdentifier>
      <Extensions>cpp;c;cc;cxx;c++;cppm;ixx;def;odl;idl;hpj;bat;asm;asmx</Extensions>
    </Filter>
    <Filter Include="Header Files">
      <UniqueIdentifier>{93995380-89BD-4b04-88EB-625FBE52EBFB}</UniqueIdentifier>
      <Extensions>h;hh;hpp;hxx;h++;hm;inl;inc;ipp;xsd</Extensions>
    </Filter>
    <Filter Include="Resource Files">
      <UniqueIdentifier>{67DA6AB6-F800-4c08-8B7A-83BB121AAD01}</UniqueIdentifier>
      <Extensions>rc;ico;cur;bmp;dlg;rc2;rct;bin;rgs;gif;jpg;jpeg;jpe;resx;tiff;tif;png;wav;mfcribbon-ms</Extensions>
    </Filter>
    <Filter Include="Header Files\systems">
      <UniqueIdentifier>{1941829f-c94a-4d49-8dd8-5815a18de8a0}</UniqueIdentifier>
    </Filter>
    <Filter Include="Header Files\engine">
      <UniqueIdentifier>{acfa8760-4a05-430f-bfa2-df730bd749ff}</UniqueIdentifier>
    </Filter>
    <Filter Include="Source Files\engine">
      <UniqueIdentifier>{1e2d5a5d-b6a2-44aa-9690-f7003449c121}</UniqueIdentifier>
    </Filter>
    <Filter Include="Source Files\renderer">
      <UniqueIdentifier>{715bf7d0-9c7a-4b24-8e8a-1bc34b3a46e8}</UniqueIdentifier>
    </Filter>
    <Filter Include="Header Files\renderer">
      <UniqueIdentifier>{2d1ebe47-8b16-4a6d-a66f-99be4a88ad3b}</UniqueIdentifier>
    </Filter>
  </ItemGroup>
  <ItemGroup>
    <ClInclude Include="render_system.h">
      <Filter>Header Files\systems</Filter>
    </ClInclude>
    <ClInclude Include="app.h">
      <Filter>Header Files\engine</Filter>
    </ClInclude>
    <ClInclude Include="collections.h">
      <Filter>Header Files\engine</Filter>
    </ClInclude>
    <ClInclude Include="ecs.h">
      <Filter>Header Files\engine</Filter>
    </ClInclude>
    <ClInclude Include="input.h">
      <Filter>Header Files\engine</Filter>
    </ClInclude>
    <ClInclude Include="light_system.h">
      <Filter>Header Files\systems</Filter>
    </ClInclude>
    <ClInclude Include="game_app.h">
      <Filter>Header Files\engine</Filter>
    </ClInclude>
    <ClInclude Include="buffer_object.h">
      <Filter>Header Files\renderer</Filter>
    </ClInclude>
    <ClInclude Include="find_memory_type.h">
      <Filter>Header Files\renderer</Filter>
    </ClInclude>
    <ClInclude Include="ofbx.h">
      <Filter>Header Files\engine</Filter>
    </ClInclude>
    <ClInclude Include="miniz.h">
      <Filter>Header Files\engine</Filter>
    </ClInclude>
    <ClInclude Include="mmath.h">
      <Filter>Header Files\engine</Filter>
    </ClInclude>
    <ClInclude Include="create_image.h">
      <Filter>Header Files\renderer</Filter>
    </ClInclude>
    <ClInclude Include="depth_object.h">
      <Filter>Header Files\renderer</Filter>
    </ClInclude>
    <ClInclude Include="descriptor_sets.h">
      <Filter>Header Files\renderer</Filter>
    </ClInclude>
    <ClInclude Include="device.h">
      <Filter>Header Files\renderer</Filter>
    </ClInclude>
    <ClInclude Include="find_supported_format.h">
      <Filter>Header Files\renderer</Filter>
    </ClInclude>
    <ClInclude Include="graphics_pipeline.h">
      <Filter>Header Files\renderer</Filter>
    </ClInclude>
    <ClInclude Include="image_object.h">
      <Filter>Header Files\renderer</Filter>
    </ClInclude>
    <ClInclude Include="index_buffer.h">
      <Filter>Header Files\renderer</Filter>
    </ClInclude>
    <ClInclude Include="instance.h">
      <Filter>Header Files\renderer</Filter>
    </ClInclude>
    <ClInclude Include="mesh.h">
      <Filter>Header Files\renderer</Filter>
    </ClInclude>
    <ClInclude Include="queue_family_indices.h">
      <Filter>Header Files\renderer</Filter>
    </ClInclude>
    <ClInclude Include="read_binary_file.h">
      <Filter>Header Files\renderer</Filter>
    </ClInclude>
    <ClInclude Include="renderer.h">
      <Filter>Header Files\renderer</Filter>
    </ClInclude>
    <ClInclude Include="render_pass.h">
      <Filter>Header Files\renderer</Filter>
    </ClInclude>
    <ClInclude Include="resource_manager.h">
      <Filter>Header Files\renderer</Filter>
    </ClInclude>
    <ClInclude Include="semaphores.h">
      <Filter>Header Files\renderer</Filter>
    </ClInclude>
    <ClInclude Include="shader.h">
      <Filter>Header Files\renderer</Filter>
    </ClInclude>
    <ClInclude Include="surface.h">
      <Filter>Header Files\renderer</Filter>
    </ClInclude>
    <ClInclude Include="swapchain.h">
      <Filter>Header Files\renderer</Filter>
    </ClInclude>
    <ClInclude Include="swapchain_support_details.h">
      <Filter>Header Files\renderer</Filter>
    </ClInclude>
    <ClInclude Include="texture.h">
      <Filter>Header Files\renderer</Filter>
    </ClInclude>
    <ClInclude Include="transition_image_layout.h">
      <Filter>Header Files\renderer</Filter>
    </ClInclude>
    <ClInclude Include="uniform_buffer_object.h">
      <Filter>Header Files\renderer</Filter>
    </ClInclude>
    <ClInclude Include="vertex.h">
      <Filter>Header Files\renderer</Filter>
    </ClInclude>
    <ClInclude Include="vk_check.h">
      <Filter>Header Files\renderer</Filter>
    </ClInclude>
    <ClInclude Include="voxels.h">
      <Filter>Header Files\engine</Filter>
    </ClInclude>
    <ClInclude Include="components.h">
      <Filter>Header Files</Filter>
    </ClInclude>
    <ClInclude Include="camera_system.h">
      <Filter>Header Files\systems</Filter>
    </ClInclude>
    <ClInclude Include="mesh_batch.h">
      <Filter>Header Files\renderer</Filter>
    </ClInclude>
    <ClInclude Include="sprite_batch.h">
      <Filter>Header Files\renderer</Filter>
    </ClInclude>
    <ClInclude Include="raytracing.h">
      <Filter>Header Files\renderer</Filter>
    </ClInclude>
    <ClInclude Include="storage_image.h">
      <Filter>Header Files\renderer</Filter>
    </ClInclude>
    <ClInclude Include="vulkan_utils.h">
      <Filter>Header Files\renderer</Filter>
    </ClInclude>
    <ClInclude Include="vk_extensions.h">
      <Filter>Header Files\renderer</Filter>
    </ClInclude>
    <ClInclude Include="swapchain_command_buffer.h">
      <Filter>Header Files\renderer</Filter>
    </ClInclude>
    <ClInclude Include="skinned_vertex.h">
      <Filter>Header Files\renderer</Filter>
    </ClInclude>
  </ItemGroup>
  <ItemGroup>
    <ClCompile Include="app.cpp">
      <Filter>Source Files\engine</Filter>
    </ClCompile>
    <ClCompile Include="input.cpp">
      <Filter>Source Files\engine</Filter>
    </ClCompile>
    <ClCompile Include="main.cpp">
      <Filter>Source Files\engine</Filter>
    </ClCompile>
    <ClCompile Include="game_app.cpp">
      <Filter>Source Files\engine</Filter>
    </ClCompile>
    <ClCompile Include="miniz.c">
      <Filter>Header Files\engine</Filter>
    </ClCompile>
    <ClCompile Include="depth_object.cpp">
      <Filter>Source Files\renderer</Filter>
    </ClCompile>
    <ClCompile Include="descriptor_sets.cpp">
      <Filter>Source Files\renderer</Filter>
    </ClCompile>
    <ClCompile Include="device.cpp">
      <Filter>Source Files\renderer</Filter>
    </ClCompile>
    <ClCompile Include="graphics_pipeline.cpp">
      <Filter>Source Files\renderer</Filter>
    </ClCompile>
    <ClCompile Include="instance.cpp">
      <Filter>Source Files\renderer</Filter>
    </ClCompile>
    <ClCompile Include="renderer.cpp">
      <Filter>Source Files\renderer</Filter>
    </ClCompile>
    <ClCompile Include="render_pass.cpp">
      <Filter>Source Files\renderer</Filter>
    </ClCompile>
    <ClCompile Include="resource_manager.cpp">
      <Filter>Source Files\renderer</Filter>
    </ClCompile>
    <ClCompile Include="semaphores.cpp">
      <Filter>Source Files\renderer</Filter>
    </ClCompile>
    <ClCompile Include="surface.cpp">
      <Filter>Source Files\renderer</Filter>
    </ClCompile>
    <ClCompile Include="swapchain.cpp">
      <Filter>Source Files\renderer</Filter>
    </ClCompile>
    <ClCompile Include="swapchain_support_details.cpp">
      <Filter>Source Files\renderer</Filter>
    </ClCompile>
    <ClCompile Include="texture.cpp">
      <Filter>Source Files\renderer</Filter>
    </ClCompile>
    <ClCompile Include="ofbx.cpp">
      <Filter>Source Files\engine</Filter>
    </ClCompile>
    <ClCompile Include="raytracing.cpp">
      <Filter>Source Files</Filter>
    </ClCompile>
    <ClCompile Include="swapchain_command_buffer.cpp">
      <Filter>Source Files\renderer</Filter>
    </ClCompile>
  </ItemGroup>
</Project>